{
  "name": "nov-10",
  "version": "1.0.0",
  "lockfileVersion": 1,
  "requires": true,
  "dependencies": {
    "linked-list-typescript": {
      "version": "1.0.15",
      "resolved": "https://registry.npmjs.org/linked-list-typescript/-/linked-list-typescript-1.0.15.tgz",
      "integrity": "sha512-RIyUu9lnJIyIaMe63O7/aFv/T2v3KsMFuXMBbUQCHX+cgtGro86ETDj5ed0a8gQL2+DFjzYYsgVG4I36/cUwgw=="
    },
    "stack-typescript": {
      "version": "1.0.4",
      "resolved": "https://registry.npmjs.org/stack-typescript/-/stack-typescript-1.0.4.tgz",
      "integrity": "sha512-LAFycOVCWRYP6TDbwXR2XeXTmKjZT+wpdC4GEnBWWYfyTUK7NOassuqVTbUXsEA6CTCgk4FMOkUi+yFS33D1mw==",
      "requires": {
        "linked-list-typescript": "^1.0.11"
      }
    }
  }
}
