# This file is automatically @generated by Cargo.
# It is not intended for manual editing.
[[package]]
name = "indexed"
version = "0.1.1"
source = "registry+https://github.com/rust-lang/crates.io-index"
checksum = "d480125acf340d6a6e59dab69ae19d6fca3a906e1eade277671272cc8f73794b"

[[package]]
name = "jan-29"
version = "0.1.0"
dependencies = [
 "trees",
]

[[package]]
name = "trees"
version = "0.2.1"
source = "registry+https://github.com/rust-lang/crates.io-index"
checksum = "afa1821e85be4f56cc5bd08bdbc32c0e26d105c90bed9c637992f6c7f747c180"
dependencies = [
 "indexed",
]
