{
  "name": "nov-14",
  "version": "1.0.0",
  "lockfileVersion": 1,
  "requires": true,
  "dependencies": {
    "@types/node": {
      "version": "12.12.7",
      "resolved": "https://registry.npmjs.org/@types/node/-/node-12.12.7.tgz",
      "integrity": "sha512-E6Zn0rffhgd130zbCbAr/JdXfXkoOUFAKNs/rF8qnafSJ8KYaA/j3oz7dcwal+lYjLA7xvdd5J4wdYpCTlP8+w=="
    },
    "simple-unit-test-utility": {
      "version": "1.0.5",
      "resolved": "https://registry.npmjs.org/simple-unit-test-utility/-/simple-unit-test-utility-1.0.5.tgz",
      "integrity": "sha512-ab/9+FSI+9ypMgfySokFLFuDpcJhtykJpchOMFRub13wicgt2Ti7g3/32+0cVEvEUuwU5MPGUC1pix1yNH0yoA==",
      "requires": {
        "@types/node": "^12.12.7"
      }
    }
  }
}
