{
  "name": "dec-31",
  "version": "1.0.0",
  "lockfileVersion": 1,
  "requires": true,
  "dependencies": {
    "linked-list-typescript": {
      "version": "1.0.15",
      "resolved": "https://registry.npmjs.org/linked-list-typescript/-/linked-list-typescript-1.0.15.tgz",
      "integrity": "sha512-RIyUu9lnJIyIaMe63O7/aFv/T2v3KsMFuXMBbUQCHX+cgtGro86ETDj5ed0a8gQL2+DFjzYYsgVG4I36/cUwgw=="
    },
    "typescript": {
      "version": "3.7.4",
      "resolved": "https://registry.npmjs.org/typescript/-/typescript-3.7.4.tgz",
      "integrity": "sha512-A25xv5XCtarLwXpcDNZzCGvW2D1S3/bACratYBx2sax8PefsFhlYmkQicKHvpYflFS8if4zne5zT5kpJ7pzuvw==",
      "dev": true
    }
  }
}
