{
  "name": "nov-15",
  "version": "1.0.0",
  "lockfileVersion": 1,
  "requires": true,
  "dependencies": {
    "@types/node": {
      "version": "12.12.8",
      "resolved": "https://registry.npmjs.org/@types/node/-/node-12.12.8.tgz",
      "integrity": "sha512-XLla8N+iyfjvsa0KKV+BP/iGSoTmwxsu5Ci5sM33z9TjohF72DEz95iNvD6pPmemvbQgxAv/909G73gUn8QR7w=="
    },
    "linked-list-typescript": {
      "version": "1.0.15",
      "resolved": "https://registry.npmjs.org/linked-list-typescript/-/linked-list-typescript-1.0.15.tgz",
      "integrity": "sha512-RIyUu9lnJIyIaMe63O7/aFv/T2v3KsMFuXMBbUQCHX+cgtGro86ETDj5ed0a8gQL2+DFjzYYsgVG4I36/cUwgw=="
    },
    "proper-graph": {
      "version": "2.5.2",
      "resolved": "https://registry.npmjs.org/proper-graph/-/proper-graph-2.5.2.tgz",
      "integrity": "sha512-6oFTcBZRX/JiyVbqhegH5v5aYISMhfN+EvVvqldPisDe2InUICRUUJj+14De1GbUnEA43cHeow5DmgCvoIbtZQ=="
    },
    "simple-unit-test-utility": {
      "version": "1.1.1",
      "resolved": "https://registry.npmjs.org/simple-unit-test-utility/-/simple-unit-test-utility-1.1.1.tgz",
      "integrity": "sha512-jDA8250/k5b6S70V6gTDKDNZzHzV3qiZG7FryNQ4/dfzxJqEk2VACwQ8e9pZuCD4vdEkyV2CIimw8RGONRkrvg==",
      "requires": {
        "@types/node": "^12.12.7"
      }
    }
  }
}
