{
  "name": "nov-05",
  "version": "1.0.0",
  "lockfileVersion": 1,
  "requires": true,
  "dependencies": {
    "prefix-trie-ts": {
      "version": "0.0.4",
      "resolved": "https://registry.npmjs.org/prefix-trie-ts/-/prefix-trie-ts-0.0.4.tgz",
      "integrity": "sha512-9m1CCP3MntJqCEL2lahfqKjGBloXxP5hEyWdGGqX3eB05QDkQvnV6NamXzU5zms/L7MAyvkwuCEqpg2FesrCNw=="
    }
  }
}
